
Microsoft Visual Studio Solution File, Format Version 12.00
# Visual Studio Version 17
VisualStudioVersion = 17.4.33213.308
MinimumVisualStudioVersion = 10.0.40219.1
Project("{9A19103F-16F7-4668-BE54-9A1E7A4F7556}") = "tnt.reactive", "tnt.reactive\tnt.reactive.csproj", "{98BF7E83-611B-45C4-834D-3D0C27E77057}"
EndProject
Project("{9A19103F-16F7-4668-BE54-9A1E7A4F7556}") = "sample", "sample\sample.csproj", "{17C1B17D-7532-4921-AE4E-3998D42AF404}"
EndProject
Project("{FAE04EC0-301F-11D3-BF4B-00C04F79EFBC}") = "tests", "tests\tests.csproj", "{EB23DFA7-8197-4A91-B084-AF36C6B025E0}"
EndProject
Global
	GlobalSection(SolutionConfigurationPlatforms) = preSolution
		Debug|Any CPU = Debug|Any CPU
		Release|Any CPU = Release|Any CPU
	EndGlobalSection
	GlobalSection(ProjectConfigurationPlatforms) = postSolution
		{98BF7E83-611B-45C4-834D-3D0C27E77057}.Debug|Any CPU.ActiveCfg = Debug|Any CPU
		{98BF7E83-611B-45C4-834D-3D0C27E77057}.Debug|Any CPU.Build.0 = Debug|Any CPU
		{98BF7E83-611B-45C4-834D-3D0C27E77057}.Release|Any CPU.ActiveCfg = Release|Any CPU
		{98BF7E83-611B-45C4-834D-3D0C27E77057}.Release|Any CPU.Build.0 = Release|Any CPU
		{17C1B17D-7532-4921-AE4E-3998D42AF404}.Debug|Any CPU.ActiveCfg = Debug|Any CPU
		{17C1B17D-7532-4921-AE4E-3998D42AF404}.Debug|Any CPU.Build.0 = Debug|Any CPU
		{17C1B17D-7532-4921-AE4E-3998D42AF404}.Release|Any CPU.ActiveCfg = Release|Any CPU
		{17C1B17D-7532-4921-AE4E-3998D42AF404}.Release|Any CPU.Build.0 = Release|Any CPU
		{EB23DFA7-8197-4A91-B084-AF36C6B025E0}.Debug|Any CPU.ActiveCfg = Debug|Any CPU
		{EB23DFA7-8197-4A91-B084-AF36C6B025E0}.Debug|Any CPU.Build.0 = Debug|Any CPU
		{EB23DFA7-8197-4A91-B084-AF36C6B025E0}.Release|Any CPU.ActiveCfg = Release|Any CPU
		{EB23DFA7-8197-4A91-B084-AF36C6B025E0}.Release|Any CPU.Build.0 = Release|Any CPU
	EndGlobalSection
	GlobalSection(SolutionProperties) = preSolution
		HideSolutionNode = FALSE
	EndGlobalSection
	GlobalSection(ExtensibilityGlobals) = postSolution
		SolutionGuid = {2A5ACAD5-4965-450E-99E0-6119E3245C5C}
	EndGlobalSection
EndGlobal
